id: droneid_single_trigger
label: Single trigger
flags: [ python ]
category: '[Droneid]'
templates:
  imports: from gnuradio import droneid
  make: droneid.single_trigger(${fc}, ${threshold}, ${chunk_size})
  callbacks:
  - set_threshold(${threshold})
  - set_fc(${fc})
parameters:
- id: threshold
  label: Threshold
  dtype: float
  default: 1.0
- id: fc
  label: Fc
  dtype: float
  default: 2414.5
- id: chunk_size
  label: Chunk size
  dtype: int
  default: 9600
inputs:
- label: in
  domain: stream
  dtype: complex
  vlen: 1
- label: t1
  domain: stream
  dtype: float
  vlen: 1 
outputs:
- domain: message
  id: pdu
  optional: true
file_format: 1
